PODS:
  - IQKeyboardManagerSwift (6.5.12)
  - Kingfisher (7.7.0)
  - ProgressHUD (13.6.2)

DEPENDENCIES:
  - IQKeyboardManagerSwift
  - Kingfisher
  - ProgressHUD

SPEC REPOS:
  trunk:
    - IQKeyboardManagerSwift
    - Kingfisher
    - ProgressHUD

SPEC CHECKSUMS:
  IQKeyboardManagerSwift: 371b08cb39664fb56030f5345c815a4ffc74bbc0
  Kingfisher: f043ac666dfc96c1f37604f93effb45a7ee3a3e1
  ProgressHUD: 355915c8f033e626788fa9b0d99d06e8691595ab

PODFILE CHECKSUM: aaa1fe3ea42c58ea3cece765c464ab482506c287

COCOAPODS: 1.12.1
